
Microsoft Visual Studio Solution File, Format Version 12.00
# Visual Studio Version 17
VisualStudioVersion = 17.6.33815.320
MinimumVisualStudioVersion = 10.0.40219.1
Project("{FAE04EC0-301F-11D3-BF4B-00C04F79EFBC}") = "CalcularAreas", "CalcularAreas\CalcularAreas.csproj", "{D315A132-D55E-468C-A094-CB66D0210DDC}"
EndProject
Global
	GlobalSection(SolutionConfigurationPlatforms) = preSolution
		Debug|Any CPU = Debug|Any CPU
		Release|Any CPU = Release|Any CPU
	EndGlobalSection
	GlobalSection(ProjectConfigurationPlatforms) = postSolution
		{D315A132-D55E-468C-A094-CB66D0210DDC}.Debug|Any CPU.ActiveCfg = Debug|Any CPU
		{D315A132-D55E-468C-A094-CB66D0210DDC}.Debug|Any CPU.Build.0 = Debug|Any CPU
		{D315A132-D55E-468C-A094-CB66D0210DDC}.Release|Any CPU.ActiveCfg = Release|Any CPU
		{D315A132-D55E-468C-A094-CB66D0210DDC}.Release|Any CPU.Build.0 = Release|Any CPU
	EndGlobalSection
	GlobalSection(SolutionProperties) = preSolution
		HideSolutionNode = FALSE
	EndGlobalSection
	GlobalSection(ExtensibilityGlobals) = postSolution
		SolutionGuid = {70180C1A-F516-47B2-B958-D0EF9199915A}
	EndGlobalSection
EndGlobal
